# vLLM image REGISTRY — the curated menu of validated images runbooks pin FROM.
#
# Reproducibility model (project rule #1): the AUTHORITATIVE pin lives in each
# runbook's `VLLM_IMAGE` (by digest), exactly like the hand-written serve scripts.
# Image VERSION is a per-model compatibility/tuning dimension — different models
# and experiments legitimately need different images (e.g. NVFP4 main-MoE needs
# marlin on sm_121, but an unquantized MTP MoE needs a nested triton backend only
# present in a newer image). This file is the catalog + the default for new
# baselines; it does NOT force one global image.
#
# Sourced by adapter.sh (for the default) and read by gen_baseline.py.

# Default image for freshly generated baselines (stable release, pinned by digest).
# NOTE: pin the LOCAL RepoDigest (the multi-arch index digest from `docker inspect`), which
# resolves to the pulled local image — NOT the per-arch digest from `docker manifest inspect`.
AHL_VLLM_DEFAULT_IMAGE="vllm/vllm-openai@sha256:fc56161ee42a011aeee78b65d0a81b6683c7d04402fd40503d14d4d6c98f07cb"  # v0.25.0
AHL_VLLM_DEFAULT_ENTRYPOINT_SERVE=true   # image ENTRYPOINT is already `vllm serve` -> pass MODEL positionally

# ── Validated catalog (ref | entrypoint_serve | notes) ────────────────────────
# v0.27.1   vllm/vllm-openai@sha256:0a51ea5b4ae2dc5d81890e5173f54203d2a3ae0cfffe51b8fd2afd4391bfd967  serve=yes
#           stable patch release (2026-08-11, pulled 2026-08-15); size 22.5GB. Pulled for the
#           Qwen3.8-27B-NVFP4 campaign (qwen3_5 arch). 0.27.1 itself is one commit on 0.27.0:
#           #50424 "support quantized DSpark Markov heads". The substance is in 0.27.0 (561 commits):
#           GB10/sm_121-RELEVANT: **#49904 fixed CUDA arch detection producing kernel-less builds on
#           SM121** (our GPU — verify kernels actually load), #44993 "grammar advanced across the
#           reasoning boundary with spec decode" (the remaining fix for our tracked xgrammar x
#           reasoning-parser x MTP 500 — RETEST the grammar smoke here, see AGENTS.md follow-up).
#           Qwen3.5-family: #50210 text-only dense+MoE, #48912 EVS video token pruning. Hybrid/Mamba:
#           #48018 ReplaySSM decode caching, #50157 FlashInfer Mamba SSU algo selection, #49736 fewer
#           GPU<->CPU syncs in hybrid Mamba (all relevant — qwen3_5 is 48/64 Gated DeltaNet layers).
#           MRv2: #48892 multi-layer MTP speculator. BREAKING ENV: torch 2.13.0 / torchvision 0.28.0 /
#           Triton 3.7.1 (#48155), transformers 5.14.1, FlashInfer 0.6.16.post3. REMOVED models:
#           Plamo2 (#49729), Ouro (#49786); removed flags: --max-num-partial-prefills,
#           --max-long-partial-prefills (#49244) — we don't use either. NOT yet serve-validated on
#           this node; capabilities snapshot: backends/vllm/capabilities/0.27.1.txt.
#           MEASURED capabilities diff vs 0.25.0 (20260815): --moe-backend +batched_triton (only
#           choice-list change); --linear-backend, --kv-cache-dtype, spec-decode methods (mtp, dspark,
#           qwen3_next_mtp, eagle/eagle3, medusa, ngram, deepseek_mtp, bailing_hybrid_mtp) ALL IDENTICAL.
#           Serve flags REMOVED: only the two partial-prefill ones above (unused by us). Serve flags
#           ADDED (14): --use-replayssm, --replayssm-buffer-len, --mamba-ssu-algorithm,
#           --kda-prefill-backend, --max-num-scheduled-tokens, --prefix-match-unit,
#           --enable-bf16x3-router-gemm, --enable-moe-shared-loras, --enable-fault-tolerance,
#           --fault-tolerance-config, --mm-hasher-algorithm, --video-pruning-method, --cohere-format,
#           --cohere-is-reasoning-model. NOTE the first four are HYBRID/MAMBA tuning dimensions that
#           DO NOT EXIST on 0.25.0 — directly applicable to qwen3_5 (48 of 64 layers Gated DeltaNet)
#           and to any future hybrid model. Env vars: +VLLM_TRITON_USE_TD, +VLLM_FLASHINFER_AUTOTUNE_SKIP_OPS,
#           +VLLM_ENABLE_STARTUP_PLAN, +VLLM_MAX_COMPLETION_PROMPTS (and -VLLM_CI_USE_S3, -TPU/ROCm-only vars).
# v0.25.0   vllm/vllm-openai@sha256:fc56161ee42a011aeee78b65d0a81b6683c7d04402fd40503d14d4d6c98f07cb  serve=yes  [DEFAULT]
#           stable release (pulled 2026-07-12); verified vllm 0.25.0, size 19.7GB. DEFAULT since
#           20260712 (user call): 35B transition baseline NEUTRAL on all gates (c16/c1/acceptance/
#           mmlu ==) → serve-validated; existing _finals stay on their pinned images (no re-promote). Release highlights for GB10/sm_121:
#           #45739 NVFP4 swizzled-scale zero-init restored (Blackwell decode throughput), #42890 NVFP4 KV
#           cache rework (retest kv-nvfp4 — serve_fail on 0.24), #46316 Qwen3Next NVFP4+MTP fix SHIPPED
#           (from our #35031 writeup → 0.23.0-qwen3nextmtp-fix image obsolete on 0.25 except pynvml patch),
#           dspark spec-method now first-class, PagedAttention legacy removed, MRv2 default for dense.
#           Capabilities diff vs 0.24: --moe-backend +hpc; --linear-backend +humming,+xpu*; --kv-cache-dtype
#           +int4_per_token_head; --spec-method +dspark,+bailing_hybrid_mtp; new env VLLM_MOE_SKIP_PADDING;
#           NOTHING REMOVED that we use. Snapshot: backends/vllm/capabilities/0.25.0.txt.
# v0.24.0   vllm/vllm-openai@sha256:251eba5cc7c12fed0b75da22a9240e582b1c9e39f6fbc064f86781b963bd814f  serve=yes
#           stable release; verified vllm 0.24.0 (torch 2.11+cu130), size 21.3GB. Release highlights
#           relevant to GB10/sm_121: NVFP4 on Blackwell (DGX Spark named), MoE path enabled on SM120
#           (+GLM-5.1/DeepSeek-V4), Model-Runner-V2 quantized-by-default + Qwen/DeepSeek-V2 MoE
#           spec-decode migration, DFlash spec decoding, spec-decode DoS hardening. VALIDATED on
#           Qwen3.6-35B-A3B (0.23→0.24 campaign, 2026-07-05): all 3 gates green, quality up
#           (mmlu 78→82.8), and MTP n=2 = +5.9% c16 (0.24 MRv2 spec-decode unlocked it). Capabilities
#           diff vs 0.23: --linear-backend +flashinfer_b12x,+flashinfer_cutedsl; --moe-backend +flydsl;
#           no flags removed. Note: on sm_121, --linear-backend flashinfer_b12x and --kv-cache-dtype
#           nvfp4 both serve_fail (35B). capabilities snapshot: backends/vllm/capabilities/0.24.0.txt.
# v0.23.0   vllm/vllm-openai@sha256:6d8429e38e3747723ca07ee1b17972e09bb9c51c4032b266f24fb1cc3b22ed8f  serve=yes
#           stable release (2026-06-12); FlashInfer b12x MoE+FP4 GEMM for SM120/121, per-tensor FP8
#           CUTLASS on SM12.1, KV-load deadlock fixes. arm64 manifest digest: df5f8edb3866…
# 0.23.0-qwen3nextmtp-fix  vllm-openai:0.23.0-qwen3nextmtp-fix  (local id sha256:628a16cc5a4a)  serve=yes
#           PATCHED 0.23.0 (base @sha256:6d8429e3) — unblocks qwen3_next MTP spec-decode on NVFP4/ModelOpt
#           checkpoints on GB10/sm_121 (vLLM issue #35031 + @alkari's DGX-Spark report). TWO image patches:
#           (#1) qwen3_next_mtp.py packed_modules_mapping gate_up_proj ["up_proj","down_proj"]→["gate_proj","up_proj"];
#           (#3) third_party/pynvml.py _nvmlCheckReturn tolerate NVML_ERROR_UNINITIALIZED (unified-mem 2nd-shutdown).
#           Build recipe: backends/vllm/images/qwen3next-mtp-fix/Dockerfile. The 3rd patch is CHECKPOINT-side
#           (scripts/patch_qwen3next_mtp_ignore.py adds "mtp.*" to quant-ignore so mtp.fc stays bf16). Identical
#           to stock 0.23.0 except the MTP loader + NVML check; needed ONLY for --speculative-config qwen3_next_mtp.
#           UPSTREAM FIX: vLLM PR #46316 (open 2026-06-22, our writeup → @WindChimeRan) = patch #1 + an IN-CODE
#           mtp.fc-unquantized fix (supersedes the checkpoint-side patch). When it merges + ships in a release:
#           rebuild from that release with ONLY patch #3 (pynvml, DGX-Spark-specific, not upstreamed) and drop
#           patch_qwen3next_mtp_ignore.py. Both Instruct AND Thinking NVFP4 share the defect → same path.
#           VERIFIED: nvidia/Qwen3-Next-80B-A3B-Instruct-NVFP4 serves + generates with MTP drafter. Local-only.
# v0.22.0   vllm/vllm-openai@sha256:0fec7ec5f3e6bc168e54899935fb0557da908a4832a1dbc88e2debcf2f889416  serve=yes
#           stable; NVFP4 compressed-tensors + --moe-backend flashinfer_cutlass; cu130/torch2.11.
#           First 8B campaign winner ran on this (native-FP4 W4A4).
# nightly   vllm/vllm-openai@sha256:3dbe092ec5b2cef63b6104d33fa75d6ce53a7870962529ada69f78bbbc38e776  serve=yes
#           cu130-nightly snapshot; supports nested speculative_config moe_backend (Nemotron MTP).
# v0.17.1   vllm/vllm-openai:v0.17.1-cu130                                                            serve=yes
#           Nemotron-3-Super card's DGX-Spark image (single global --moe-backend only).
# ngc-26.04 nvcr.io/nvidia/vllm:26.04-py3                                                            serve=NO
#           NVIDIA NGC image; entrypoint is a shell -> runbook needs `vllm serve` (set
#           VLLM_ENTRYPOINT_SERVE=false in the runbook so the adapter prepends it).
#
# To add an entry: pin by digest where possible
#   docker manifest inspect <repo>:<tag>   # -> per-arch sha256
# and record what it supports. sm_120 kernels are forward-compatible to the GB10's sm_121.
